
Microsoft Visual Studio Solution File, Format Version 12.00
# Visual Studio Version 17
VisualStudioVersion = 17.4.33213.308
MinimumVisualStudioVersion = 10.0.40219.1
Project("{9A19103F-16F7-4668-BE54-9A1E7A4F7556}") = "MDD4All.DME", "MDD4All.DME\MDD4All.DME.csproj", "{0BC3A119-7D73-448F-AB6A-107ACA8D8E0D}"
EndProject
Project("{2150E333-8FDC-42A3-9474-1A3956D46DE8}") = "1_DME", "1_DME", "{45070021-6E66-4D3F-ACE3-E0AA5CDE03A8}"
EndProject
Project("{2150E333-8FDC-42A3-9474-1A3956D46DE8}") = "2_Components", "2_Components", "{DD2856F0-9AE9-486F-9E0E-D4A0E7E964D9}"
EndProject
Project("{2150E333-8FDC-42A3-9474-1A3956D46DE8}") = "4_DataModels", "4_DataModels", "{79E485FD-6C93-4864-A01D-F9D626C93597}"
EndProject
Project("{9A19103F-16F7-4668-BE54-9A1E7A4F7556}") = "MDD4All.UI.BlazorComponents-dev", "..\MDD4All.UI.BlazorComponents\src\MDD4All.UI.BlazorComponents\MDD4All.UI.BlazorComponents-dev.csproj", "{0E817923-D476-432E-A65D-5363CFA9660D}"
EndProject
Project("{9A19103F-16F7-4668-BE54-9A1E7A4F7556}") = "MDD4All.UI.DataModels-dev", "..\MDD4All.UI.DataModels\src\MDD4All.UI.DataModels\MDD4All.UI.DataModels-dev.csproj", "{672613AC-F6C8-43F2-8788-49777EFC8AB9}"
EndProject
Project("{9A19103F-16F7-4668-BE54-9A1E7A4F7556}") = "MDD4All.DME.ViewModels.Editor", "MDD4All.DME.DataModels\MDD4All.DME.ViewModels.Editor.csproj", "{874D648A-0878-4B45-8A7D-859430FBB5B6}"
EndProject
Project("{2150E333-8FDC-42A3-9474-1A3956D46DE8}") = "3_ViewModels", "3_ViewModels", "{2ADF70E6-2F53-4923-931E-358B21E08C63}"
EndProject
Project("{2150E333-8FDC-42A3-9474-1A3956D46DE8}") = "5_Services", "5_Services", "{E0831017-D48F-4AAC-B040-989FD93C6A42}"
EndProject
Project("{9A19103F-16F7-4668-BE54-9A1E7A4F7556}") = "MDD4All.DME.Services", "MDD4All.DME.Services\MDD4All.DME.Services.csproj", "{EDA8940E-9B98-4F1E-B053-6BC7CD8F51EF}"
EndProject
Project("{9A19103F-16F7-4668-BE54-9A1E7A4F7556}") = "KMRD.KamcosRelease.DataModels-dev", "..\..\..\DME_Testdaten\src\KMRD.KamcosRelease.DataModels\KMRD.KamcosRelease.DataModels-dev.csproj", "{662AADEC-52EA-462A-AB37-1C4B0445FBA8}"
EndProject
Project("{9A19103F-16F7-4668-BE54-9A1E7A4F7556}") = "MDD4All.DME.ViewModels.DataManager", "MDD4All.DME.ViewModels.DataManger\MDD4All.DME.ViewModels.DataManager.csproj", "{F3BA56BF-71BA-4F64-B5B0-BABE3A9E7D29}"
EndProject
Global
	GlobalSection(SolutionConfigurationPlatforms) = preSolution
		Debug|Any CPU = Debug|Any CPU
		Release|Any CPU = Release|Any CPU
	EndGlobalSection
	GlobalSection(ProjectConfigurationPlatforms) = postSolution
		{0BC3A119-7D73-448F-AB6A-107ACA8D8E0D}.Debug|Any CPU.ActiveCfg = Debug|Any CPU
		{0BC3A119-7D73-448F-AB6A-107ACA8D8E0D}.Debug|Any CPU.Build.0 = Debug|Any CPU
		{0BC3A119-7D73-448F-AB6A-107ACA8D8E0D}.Release|Any CPU.ActiveCfg = Release|Any CPU
		{0BC3A119-7D73-448F-AB6A-107ACA8D8E0D}.Release|Any CPU.Build.0 = Release|Any CPU
		{0E817923-D476-432E-A65D-5363CFA9660D}.Debug|Any CPU.ActiveCfg = Debug|Any CPU
		{0E817923-D476-432E-A65D-5363CFA9660D}.Debug|Any CPU.Build.0 = Debug|Any CPU
		{0E817923-D476-432E-A65D-5363CFA9660D}.Release|Any CPU.ActiveCfg = Release|Any CPU
		{0E817923-D476-432E-A65D-5363CFA9660D}.Release|Any CPU.Build.0 = Release|Any CPU
		{672613AC-F6C8-43F2-8788-49777EFC8AB9}.Debug|Any CPU.ActiveCfg = Debug|Any CPU
		{672613AC-F6C8-43F2-8788-49777EFC8AB9}.Debug|Any CPU.Build.0 = Debug|Any CPU
		{672613AC-F6C8-43F2-8788-49777EFC8AB9}.Release|Any CPU.ActiveCfg = Release|Any CPU
		{672613AC-F6C8-43F2-8788-49777EFC8AB9}.Release|Any CPU.Build.0 = Release|Any CPU
		{874D648A-0878-4B45-8A7D-859430FBB5B6}.Debug|Any CPU.ActiveCfg = Debug|Any CPU
		{874D648A-0878-4B45-8A7D-859430FBB5B6}.Debug|Any CPU.Build.0 = Debug|Any CPU
		{874D648A-0878-4B45-8A7D-859430FBB5B6}.Release|Any CPU.ActiveCfg = Release|Any CPU
		{874D648A-0878-4B45-8A7D-859430FBB5B6}.Release|Any CPU.Build.0 = Release|Any CPU
		{EDA8940E-9B98-4F1E-B053-6BC7CD8F51EF}.Debug|Any CPU.ActiveCfg = Debug|Any CPU
		{EDA8940E-9B98-4F1E-B053-6BC7CD8F51EF}.Debug|Any CPU.Build.0 = Debug|Any CPU
		{EDA8940E-9B98-4F1E-B053-6BC7CD8F51EF}.Release|Any CPU.ActiveCfg = Release|Any CPU
		{EDA8940E-9B98-4F1E-B053-6BC7CD8F51EF}.Release|Any CPU.Build.0 = Release|Any CPU
		{662AADEC-52EA-462A-AB37-1C4B0445FBA8}.Debug|Any CPU.ActiveCfg = Debug|Any CPU
		{662AADEC-52EA-462A-AB37-1C4B0445FBA8}.Debug|Any CPU.Build.0 = Debug|Any CPU
		{662AADEC-52EA-462A-AB37-1C4B0445FBA8}.Release|Any CPU.ActiveCfg = Release|Any CPU
		{662AADEC-52EA-462A-AB37-1C4B0445FBA8}.Release|Any CPU.Build.0 = Release|Any CPU
		{F3BA56BF-71BA-4F64-B5B0-BABE3A9E7D29}.Debug|Any CPU.ActiveCfg = Debug|Any CPU
		{F3BA56BF-71BA-4F64-B5B0-BABE3A9E7D29}.Debug|Any CPU.Build.0 = Debug|Any CPU
		{F3BA56BF-71BA-4F64-B5B0-BABE3A9E7D29}.Release|Any CPU.ActiveCfg = Release|Any CPU
		{F3BA56BF-71BA-4F64-B5B0-BABE3A9E7D29}.Release|Any CPU.Build.0 = Release|Any CPU
	EndGlobalSection
	GlobalSection(SolutionProperties) = preSolution
		HideSolutionNode = FALSE
	EndGlobalSection
	GlobalSection(NestedProjects) = preSolution
		{0BC3A119-7D73-448F-AB6A-107ACA8D8E0D} = {45070021-6E66-4D3F-ACE3-E0AA5CDE03A8}
		{0E817923-D476-432E-A65D-5363CFA9660D} = {DD2856F0-9AE9-486F-9E0E-D4A0E7E964D9}
		{672613AC-F6C8-43F2-8788-49777EFC8AB9} = {79E485FD-6C93-4864-A01D-F9D626C93597}
		{874D648A-0878-4B45-8A7D-859430FBB5B6} = {2ADF70E6-2F53-4923-931E-358B21E08C63}
		{EDA8940E-9B98-4F1E-B053-6BC7CD8F51EF} = {E0831017-D48F-4AAC-B040-989FD93C6A42}
		{662AADEC-52EA-462A-AB37-1C4B0445FBA8} = {79E485FD-6C93-4864-A01D-F9D626C93597}
		{F3BA56BF-71BA-4F64-B5B0-BABE3A9E7D29} = {2ADF70E6-2F53-4923-931E-358B21E08C63}
	EndGlobalSection
	GlobalSection(ExtensibilityGlobals) = postSolution
		SolutionGuid = {E10887EE-EE21-486C-84E9-AA20A9DC1146}
	EndGlobalSection
EndGlobal
