
Microsoft Visual Studio Solution File, Format Version 12.00
# Visual Studio Version 17
VisualStudioVersion = 17.4.33213.308
MinimumVisualStudioVersion = 10.0.40219.1
Project("{9A19103F-16F7-4668-BE54-9A1E7A4F7556}") = "MDD4All.DME", "MDD4All.DME\MDD4All.DME.csproj", "{0BC3A119-7D73-448F-AB6A-107ACA8D8E0D}"
EndProject
Project("{2150E333-8FDC-42A3-9474-1A3956D46DE8}") = "1_DME", "1_DME", "{45070021-6E66-4D3F-ACE3-E0AA5CDE03A8}"
EndProject
Project("{2150E333-8FDC-42A3-9474-1A3956D46DE8}") = "2_Components", "2_Components", "{DD2856F0-9AE9-486F-9E0E-D4A0E7E964D9}"
EndProject
Project("{2150E333-8FDC-42A3-9474-1A3956D46DE8}") = "5_DataModels", "5_DataModels", "{79E485FD-6C93-4864-A01D-F9D626C93597}"
EndProject
Project("{9A19103F-16F7-4668-BE54-9A1E7A4F7556}") = "MDD4All.DME.ViewModels.Editor", "MDD4All.DME.DataModels\MDD4All.DME.ViewModels.Editor.csproj", "{874D648A-0878-4B45-8A7D-859430FBB5B6}"
EndProject
Project("{2150E333-8FDC-42A3-9474-1A3956D46DE8}") = "3_ViewModels", "3_ViewModels", "{2ADF70E6-2F53-4923-931E-358B21E08C63}"
EndProject
Project("{2150E333-8FDC-42A3-9474-1A3956D46DE8}") = "5_Services", "5_Services", "{E0831017-D48F-4AAC-B040-989FD93C6A42}"
EndProject
Project("{9A19103F-16F7-4668-BE54-9A1E7A4F7556}") = "MDD4All.DME.Services", "MDD4All.DME.Services\MDD4All.DME.Services.csproj", "{EDA8940E-9B98-4F1E-B053-6BC7CD8F51EF}"
EndProject
Project("{9A19103F-16F7-4668-BE54-9A1E7A4F7556}") = "MDD4All.DME.ViewModels.DataManager", "MDD4All.DME.ViewModels.DataManger\MDD4All.DME.ViewModels.DataManager.csproj", "{F3BA56BF-71BA-4F64-B5B0-BABE3A9E7D29}"
EndProject
Project("{2150E333-8FDC-42A3-9474-1A3956D46DE8}") = "4_DataAccess", "4_DataAccess", "{02EA681E-C7D8-13C7-8484-4AC65E1B71E8}"
EndProject
Project("{2150E333-8FDC-42A3-9474-1A3956D46DE8}") = "Projektmappenelemente", "Projektmappenelemente", "{84D27F74-D2BA-6C25-2661-968F101900D9}"
	ProjectSection(SolutionItems) = preProject
		..\..\.github\workflows\frontend-publish-snapshot.yml = ..\..\.github\workflows\frontend-publish-snapshot.yml
		..\..\.github\workflows\integration-dev-build.yml = ..\..\.github\workflows\integration-dev-build.yml
	EndProjectSection
EndProject
Project("{FAE04EC0-301F-11D3-BF4B-00C04F79EFBC}") = "MDD4All.DME.AssemblyTree-dev", "MDD4All.DME.AssemblyTree\src\MDD4All.DME.AssemblyTree\MDD4All.DME.AssemblyTree-dev.csproj", "{B3EF10F4-22B3-7F3D-D11B-231B74697AEA}"
EndProject
Project("{FAE04EC0-301F-11D3-BF4B-00C04F79EFBC}") = "MDD4All.UI.BlazorComponents-dev", "MDD4All.UI.BlazorComponents\src\MDD4All.UI.BlazorComponents\MDD4All.UI.BlazorComponents-dev.csproj", "{A59F3DFE-24BE-1CF0-B8A9-38EC3A0B64C9}"
EndProject
Project("{FAE04EC0-301F-11D3-BF4B-00C04F79EFBC}") = "MDD4All.DME.DataAccess-dev", "MDD4All.DME.DataAccess\MDD4All.DME.DataAccess-dev.csproj", "{BF18D98C-15CF-A59F-ECCC-0871E646FE63}"
EndProject
Project("{FAE04EC0-301F-11D3-BF4B-00C04F79EFBC}") = "MDD4All.DME.Proxies", "MDD4All.DME.Proxies\MDD4All.DME.Proxies.csproj", "{206681C9-01FC-4AEF-1B14-922D83B3ECF4}"
EndProject
Project("{FAE04EC0-301F-11D3-BF4B-00C04F79EFBC}") = "MDD4All.UI.DataModels-dev", "MDD4All.UI.DataModels\src\MDD4All.UI.DataModels\MDD4All.UI.DataModels-dev.csproj", "{BF4F7AB5-DF8C-EC99-5152-E0C1AF75185F}"
EndProject
Project("{FAE04EC0-301F-11D3-BF4B-00C04F79EFBC}") = "MDD4All.AssemblyLoading.Contracts-dev", "MDD4All.AssemblyLoading.Contracts\src\MDD4All.AssemblyLoading.Contracts\MDD4All.AssemblyLoading.Contracts-dev.csproj", "{47EB48B3-6E70-032E-0572-D6152C1758B9}"
EndProject
Project("{FAE04EC0-301F-11D3-BF4B-00C04F79EFBC}") = "MDD4All.Configuration-dev", "MDD4All.Configuration\src\MDD4All.Configuration\MDD4All.Configuration-dev.csproj", "{43E2CC4A-0694-2990-D340-ECF93B4E06AB}"
EndProject
Project("{FAE04EC0-301F-11D3-BF4B-00C04F79EFBC}") = "MDD4All.FileAccess.Contracts-dev", "MDD4All.FileAccess.Contracts\src\MDD4All.FileAccess.Contracts\MDD4All.FileAccess.Contracts-dev.csproj", "{66FB7F62-FF60-9793-DD30-07BDB0B2DE8D}"
EndProject
Project("{FAE04EC0-301F-11D3-BF4B-00C04F79EFBC}") = "MDD4All.FileAccess.WPF-dev", "MDD4All.FileAccess.WPF\src\MDD4All.FileAccess.WPF\MDD4All.FileAccess.WPF-dev.csproj", "{450943A7-CDC2-C24D-236B-0C3E41FB6628}"
EndProject
Global
	GlobalSection(SolutionConfigurationPlatforms) = preSolution
		Debug|Any CPU = Debug|Any CPU
		Release|Any CPU = Release|Any CPU
	EndGlobalSection
	GlobalSection(ProjectConfigurationPlatforms) = postSolution
		{0BC3A119-7D73-448F-AB6A-107ACA8D8E0D}.Debug|Any CPU.ActiveCfg = Debug|Any CPU
		{0BC3A119-7D73-448F-AB6A-107ACA8D8E0D}.Debug|Any CPU.Build.0 = Debug|Any CPU
		{0BC3A119-7D73-448F-AB6A-107ACA8D8E0D}.Release|Any CPU.ActiveCfg = Release|Any CPU
		{0BC3A119-7D73-448F-AB6A-107ACA8D8E0D}.Release|Any CPU.Build.0 = Release|Any CPU
		{874D648A-0878-4B45-8A7D-859430FBB5B6}.Debug|Any CPU.ActiveCfg = Debug|Any CPU
		{874D648A-0878-4B45-8A7D-859430FBB5B6}.Debug|Any CPU.Build.0 = Debug|Any CPU
		{874D648A-0878-4B45-8A7D-859430FBB5B6}.Release|Any CPU.ActiveCfg = Release|Any CPU
		{874D648A-0878-4B45-8A7D-859430FBB5B6}.Release|Any CPU.Build.0 = Release|Any CPU
		{EDA8940E-9B98-4F1E-B053-6BC7CD8F51EF}.Debug|Any CPU.ActiveCfg = Debug|Any CPU
		{EDA8940E-9B98-4F1E-B053-6BC7CD8F51EF}.Debug|Any CPU.Build.0 = Debug|Any CPU
		{EDA8940E-9B98-4F1E-B053-6BC7CD8F51EF}.Release|Any CPU.ActiveCfg = Release|Any CPU
		{EDA8940E-9B98-4F1E-B053-6BC7CD8F51EF}.Release|Any CPU.Build.0 = Release|Any CPU
		{F3BA56BF-71BA-4F64-B5B0-BABE3A9E7D29}.Debug|Any CPU.ActiveCfg = Debug|Any CPU
		{F3BA56BF-71BA-4F64-B5B0-BABE3A9E7D29}.Debug|Any CPU.Build.0 = Debug|Any CPU
		{F3BA56BF-71BA-4F64-B5B0-BABE3A9E7D29}.Release|Any CPU.ActiveCfg = Release|Any CPU
		{F3BA56BF-71BA-4F64-B5B0-BABE3A9E7D29}.Release|Any CPU.Build.0 = Release|Any CPU
		{B3EF10F4-22B3-7F3D-D11B-231B74697AEA}.Debug|Any CPU.ActiveCfg = Debug|Any CPU
		{B3EF10F4-22B3-7F3D-D11B-231B74697AEA}.Debug|Any CPU.Build.0 = Debug|Any CPU
		{B3EF10F4-22B3-7F3D-D11B-231B74697AEA}.Release|Any CPU.ActiveCfg = Release|Any CPU
		{B3EF10F4-22B3-7F3D-D11B-231B74697AEA}.Release|Any CPU.Build.0 = Release|Any CPU
		{A59F3DFE-24BE-1CF0-B8A9-38EC3A0B64C9}.Debug|Any CPU.ActiveCfg = Debug|Any CPU
		{A59F3DFE-24BE-1CF0-B8A9-38EC3A0B64C9}.Debug|Any CPU.Build.0 = Debug|Any CPU
		{A59F3DFE-24BE-1CF0-B8A9-38EC3A0B64C9}.Release|Any CPU.ActiveCfg = Release|Any CPU
		{A59F3DFE-24BE-1CF0-B8A9-38EC3A0B64C9}.Release|Any CPU.Build.0 = Release|Any CPU
		{BF18D98C-15CF-A59F-ECCC-0871E646FE63}.Debug|Any CPU.ActiveCfg = Debug|Any CPU
		{BF18D98C-15CF-A59F-ECCC-0871E646FE63}.Debug|Any CPU.Build.0 = Debug|Any CPU
		{BF18D98C-15CF-A59F-ECCC-0871E646FE63}.Release|Any CPU.ActiveCfg = Release|Any CPU
		{BF18D98C-15CF-A59F-ECCC-0871E646FE63}.Release|Any CPU.Build.0 = Release|Any CPU
		{206681C9-01FC-4AEF-1B14-922D83B3ECF4}.Debug|Any CPU.ActiveCfg = Debug|Any CPU
		{206681C9-01FC-4AEF-1B14-922D83B3ECF4}.Debug|Any CPU.Build.0 = Debug|Any CPU
		{206681C9-01FC-4AEF-1B14-922D83B3ECF4}.Release|Any CPU.ActiveCfg = Release|Any CPU
		{206681C9-01FC-4AEF-1B14-922D83B3ECF4}.Release|Any CPU.Build.0 = Release|Any CPU
		{BF4F7AB5-DF8C-EC99-5152-E0C1AF75185F}.Debug|Any CPU.ActiveCfg = Debug|Any CPU
		{BF4F7AB5-DF8C-EC99-5152-E0C1AF75185F}.Debug|Any CPU.Build.0 = Debug|Any CPU
		{BF4F7AB5-DF8C-EC99-5152-E0C1AF75185F}.Release|Any CPU.ActiveCfg = Release|Any CPU
		{BF4F7AB5-DF8C-EC99-5152-E0C1AF75185F}.Release|Any CPU.Build.0 = Release|Any CPU
		{47EB48B3-6E70-032E-0572-D6152C1758B9}.Debug|Any CPU.ActiveCfg = Debug|Any CPU
		{47EB48B3-6E70-032E-0572-D6152C1758B9}.Debug|Any CPU.Build.0 = Debug|Any CPU
		{47EB48B3-6E70-032E-0572-D6152C1758B9}.Release|Any CPU.ActiveCfg = Release|Any CPU
		{47EB48B3-6E70-032E-0572-D6152C1758B9}.Release|Any CPU.Build.0 = Release|Any CPU
		{43E2CC4A-0694-2990-D340-ECF93B4E06AB}.Debug|Any CPU.ActiveCfg = Debug|Any CPU
		{43E2CC4A-0694-2990-D340-ECF93B4E06AB}.Debug|Any CPU.Build.0 = Debug|Any CPU
		{43E2CC4A-0694-2990-D340-ECF93B4E06AB}.Release|Any CPU.ActiveCfg = Release|Any CPU
		{43E2CC4A-0694-2990-D340-ECF93B4E06AB}.Release|Any CPU.Build.0 = Release|Any CPU
		{66FB7F62-FF60-9793-DD30-07BDB0B2DE8D}.Debug|Any CPU.ActiveCfg = Debug|Any CPU
		{66FB7F62-FF60-9793-DD30-07BDB0B2DE8D}.Debug|Any CPU.Build.0 = Debug|Any CPU
		{66FB7F62-FF60-9793-DD30-07BDB0B2DE8D}.Release|Any CPU.ActiveCfg = Release|Any CPU
		{66FB7F62-FF60-9793-DD30-07BDB0B2DE8D}.Release|Any CPU.Build.0 = Release|Any CPU
		{450943A7-CDC2-C24D-236B-0C3E41FB6628}.Debug|Any CPU.ActiveCfg = Debug|Any CPU
		{450943A7-CDC2-C24D-236B-0C3E41FB6628}.Debug|Any CPU.Build.0 = Debug|Any CPU
		{450943A7-CDC2-C24D-236B-0C3E41FB6628}.Release|Any CPU.ActiveCfg = Release|Any CPU
		{450943A7-CDC2-C24D-236B-0C3E41FB6628}.Release|Any CPU.Build.0 = Release|Any CPU
	EndGlobalSection
	GlobalSection(SolutionProperties) = preSolution
		HideSolutionNode = FALSE
	EndGlobalSection
	GlobalSection(NestedProjects) = preSolution
		{0BC3A119-7D73-448F-AB6A-107ACA8D8E0D} = {45070021-6E66-4D3F-ACE3-E0AA5CDE03A8}
		{874D648A-0878-4B45-8A7D-859430FBB5B6} = {2ADF70E6-2F53-4923-931E-358B21E08C63}
		{EDA8940E-9B98-4F1E-B053-6BC7CD8F51EF} = {E0831017-D48F-4AAC-B040-989FD93C6A42}
		{F3BA56BF-71BA-4F64-B5B0-BABE3A9E7D29} = {2ADF70E6-2F53-4923-931E-358B21E08C63}
		{B3EF10F4-22B3-7F3D-D11B-231B74697AEA} = {DD2856F0-9AE9-486F-9E0E-D4A0E7E964D9}
		{A59F3DFE-24BE-1CF0-B8A9-38EC3A0B64C9} = {DD2856F0-9AE9-486F-9E0E-D4A0E7E964D9}
		{BF18D98C-15CF-A59F-ECCC-0871E646FE63} = {02EA681E-C7D8-13C7-8484-4AC65E1B71E8}
		{206681C9-01FC-4AEF-1B14-922D83B3ECF4} = {02EA681E-C7D8-13C7-8484-4AC65E1B71E8}
		{BF4F7AB5-DF8C-EC99-5152-E0C1AF75185F} = {79E485FD-6C93-4864-A01D-F9D626C93597}
		{47EB48B3-6E70-032E-0572-D6152C1758B9} = {E0831017-D48F-4AAC-B040-989FD93C6A42}
		{43E2CC4A-0694-2990-D340-ECF93B4E06AB} = {E0831017-D48F-4AAC-B040-989FD93C6A42}
		{66FB7F62-FF60-9793-DD30-07BDB0B2DE8D} = {E0831017-D48F-4AAC-B040-989FD93C6A42}
		{450943A7-CDC2-C24D-236B-0C3E41FB6628} = {E0831017-D48F-4AAC-B040-989FD93C6A42}
	EndGlobalSection
	GlobalSection(ExtensibilityGlobals) = postSolution
		SolutionGuid = {E10887EE-EE21-486C-84E9-AA20A9DC1146}
	EndGlobalSection
EndGlobal
